<Solution>
  <Project Path="../ConfigReader/ConfigReader.csproj" />
  <Project Path="../WinApiWrapper/WinApiWrapper.csproj" />
  <Project Path="AsRunner.csproj" />
  <Project Path="../AsRunner.Installer/AsRunner.Installer.wixproj" Type="b7dd6f7e-def8-4e67-b5b7-07ef123db6f0">
    <Platform Project="x64" />
  </Project>
</Solution>
